
Microsoft Visual Studio Solution File, Format Version 12.00
Project("{FAE04EC0-301F-11D3-BF4B-00C04F79EFBC}") = "Evaluacion3_PAA2021_JesusCruz", "Evaluacion3_PAA2021_JesusCruz.csproj", "{97821550-B4EE-4A9D-96B7-3EFC3614B274}"
EndProject
Global
	GlobalSection(SolutionConfigurationPlatforms) = preSolution
		Debug|Any CPU = Debug|Any CPU
		Release|Any CPU = Release|Any CPU
	EndGlobalSection
	GlobalSection(ProjectConfigurationPlatforms) = postSolution
		{97821550-B4EE-4A9D-96B7-3EFC3614B274}.Debug|Any CPU.ActiveCfg = Debug|Any CPU
		{97821550-B4EE-4A9D-96B7-3EFC3614B274}.Debug|Any CPU.Build.0 = Debug|Any CPU
		{97821550-B4EE-4A9D-96B7-3EFC3614B274}.Release|Any CPU.ActiveCfg = Release|Any CPU
		{97821550-B4EE-4A9D-96B7-3EFC3614B274}.Release|Any CPU.Build.0 = Release|Any CPU
	EndGlobalSection
EndGlobal
